// !$*UTF8*$!
{
	archiveVersion = 1;
	classes = {
	};
	objectVersion = 46;
	objects = {

/* Begin PBXBuildFile section */
		CD7E221B1B472D24008799DC /* DateConverterTesterVC.m in Sources */ = {isa = PBXBuildFile; fileRef = CD7E221A1B472D24008799DC /* DateConverterTesterVC.m */; };
		DDB22C401B46B2EE001A8B96 /* NepaliCalendarTests.m in Sources */ = {isa = PBXBuildFile; fileRef = DDB22C3F1B46B2EE001A8B96 /* NepaliCalendarTests.m */; };
		DDB22C4D1B46B3F2001A8B96 /* AppDelegate.m in Sources */ = {isa = PBXBuildFile; fileRef = DDB22C4B1B46B3F2001A8B96 /* AppDelegate.m */; };
		DDB22C4E1B46B3F2001A8B96 /* main.m in Sources */ = {isa = PBXBuildFile; fileRef = DDB22C4C1B46B3F2001A8B96 /* main.m */; };
		DDB22C551B46B41D001A8B96 /* LaunchScreen.xib in Resources */ = {isa = PBXBuildFile; fileRef = DDB22C501B46B41D001A8B96 /* LaunchScreen.xib */; };
		DDB22C561B46B41D001A8B96 /* Main.storyboard in Resources */ = {isa = PBXBuildFile; fileRef = DDB22C521B46B41D001A8B96 /* Main.storyboard */; };
		DDB22C571B46B41D001A8B96 /* Images.xcassets in Resources */ = {isa = PBXBuildFile; fileRef = DDB22C541B46B41D001A8B96 /* Images.xcassets */; };
		DDB22C5D1B46BA05001A8B96 /* NSString+NepaliNumber.m in Sources */ = {isa = PBXBuildFile; fileRef = DDB22C5C1B46BA05001A8B96 /* NSString+NepaliNumber.m */; };
		DDB22C5F1B46BFD9001A8B96 /* TestConverter.m in Sources */ = {isa = PBXBuildFile; fileRef = DDB22C5E1B46BFD9001A8B96 /* TestConverter.m */; };
		DDB22C661B46C5F0001A8B96 /* TextConverterVC.m in Sources */ = {isa = PBXBuildFile; fileRef = DDB22C651B46C5F0001A8B96 /* TextConverterVC.m */; };
		DDB22C6A1B46C763001A8B96 /* FakeTextContainer.m in Sources */ = {isa = PBXBuildFile; fileRef = DDB22C681B46C763001A8B96 /* FakeTextContainer.m */; };
		DDB22C6B1B46C763001A8B96 /* TestNumberConverter.m in Sources */ = {isa = PBXBuildFile; fileRef = DDB22C691B46C763001A8B96 /* TestNumberConverter.m */; };
		DDB22C6E1B46E4D4001A8B96 /* NSNumber+NepaliMonth.m in Sources */ = {isa = PBXBuildFile; fileRef = DDB22C6D1B46E4D4001A8B96 /* NSNumber+NepaliMonth.m */; };
		DDB22C711B46E648001A8B96 /* NSNumber+NepaliDay.m in Sources */ = {isa = PBXBuildFile; fileRef = DDB22C701B46E648001A8B96 /* NSNumber+NepaliDay.m */; };
		DDB22C731B46F1A2001A8B96 /* TestMonthNameConverter.m in Sources */ = {isa = PBXBuildFile; fileRef = DDB22C721B46F1A2001A8B96 /* TestMonthNameConverter.m */; };
		DDB22C751B46FC36001A8B96 /* TestDayNameConverter.m in Sources */ = {isa = PBXBuildFile; fileRef = DDB22C741B46FC36001A8B96 /* TestDayNameConverter.m */; };
		DDB22C7A1B4717CB001A8B96 /* NepaliMonthsData.m in Sources */ = {isa = PBXBuildFile; fileRef = DDB22C771B4717CB001A8B96 /* NepaliMonthsData.m */; };
		DDB22C7B1B4717CB001A8B96 /* SGNepaliDateConverter.m in Sources */ = {isa = PBXBuildFile; fileRef = DDB22C791B4717CB001A8B96 /* SGNepaliDateConverter.m */; };
		DDB22C7E1B4718F4001A8B96 /* DateConverterVC.m in Sources */ = {isa = PBXBuildFile; fileRef = DDB22C7D1B4718F4001A8B96 /* DateConverterVC.m */; };
/* End PBXBuildFile section */

/* Begin PBXContainerItemProxy section */
		DDB22C3A1B46B2EE001A8B96 /* PBXContainerItemProxy */ = {
			isa = PBXContainerItemProxy;
			containerPortal = DDB22C181B46B2EE001A8B96 /* Project object */;
			proxyType = 1;
			remoteGlobalIDString = DDB22C1F1B46B2EE001A8B96;
			remoteInfo = NepaliCalendar;
		};
/* End PBXContainerItemProxy section */

/* Begin PBXFileReference section */
		CD7E22191B472D24008799DC /* DateConverterTesterVC.h */ = {isa = PBXFileReference; fileEncoding = 4; lastKnownFileType = sourcecode.c.h; name = DateConverterTesterVC.h; path = Controller/DateConverterTesterVC/DateConverterTesterVC.h; sourceTree = "<group>"; };
		CD7E221A1B472D24008799DC /* DateConverterTesterVC.m */ = {isa = PBXFileReference; fileEncoding = 4; lastKnownFileType = sourcecode.c.objc; name = DateConverterTesterVC.m; path = Controller/DateConverterTesterVC/DateConverterTesterVC.m; sourceTree = "<group>"; };
		DDB22C201B46B2EE001A8B96 /* NepaliCalendar.app */ = {isa = PBXFileReference; explicitFileType = wrapper.application; includeInIndex = 0; path = NepaliCalendar.app; sourceTree = BUILT_PRODUCTS_DIR; };
		DDB22C391B46B2EE001A8B96 /* NepaliCalendarTests.xctest */ = {isa = PBXFileReference; explicitFileType = wrapper.cfbundle; includeInIndex = 0; path = NepaliCalendarTests.xctest; sourceTree = BUILT_PRODUCTS_DIR; };
		DDB22C3E1B46B2EE001A8B96 /* Info.plist */ = {isa = PBXFileReference; lastKnownFileType = text.plist.xml; path = Info.plist; sourceTree = "<group>"; };
		DDB22C3F1B46B2EE001A8B96 /* NepaliCalendarTests.m */ = {isa = PBXFileReference; lastKnownFileType = sourcecode.c.objc; path = NepaliCalendarTests.m; sourceTree = "<group>"; };
		DDB22C4A1B46B3F2001A8B96 /* AppDelegate.h */ = {isa = PBXFileReference; fileEncoding = 4; lastKnownFileType = sourcecode.c.h; path = AppDelegate.h; sourceTree = "<group>"; };
		DDB22C4B1B46B3F2001A8B96 /* AppDelegate.m */ = {isa = PBXFileReference; fileEncoding = 4; lastKnownFileType = sourcecode.c.objc; path = AppDelegate.m; sourceTree = "<group>"; };
		DDB22C4C1B46B3F2001A8B96 /* main.m */ = {isa = PBXFileReference; fileEncoding = 4; lastKnownFileType = sourcecode.c.objc; path = main.m; sourceTree = "<group>"; };
		DDB22C511B46B41D001A8B96 /* Base */ = {isa = PBXFileReference; lastKnownFileType = file.xib; name = Base; path = Base.lproj/LaunchScreen.xib; sourceTree = "<group>"; };
		DDB22C531B46B41D001A8B96 /* Base */ = {isa = PBXFileReference; lastKnownFileType = file.storyboard; name = Base; path = Base.lproj/Main.storyboard; sourceTree = "<group>"; };
		DDB22C541B46B41D001A8B96 /* Images.xcassets */ = {isa = PBXFileReference; lastKnownFileType = folder.assetcatalog; path = Images.xcassets; sourceTree = "<group>"; };
		DDB22C5B1B46BA05001A8B96 /* NSString+NepaliNumber.h */ = {isa = PBXFileReference; fileEncoding = 4; lastKnownFileType = sourcecode.c.h; path = "NSString+NepaliNumber.h"; sourceTree = "<group>"; };
		DDB22C5C1B46BA05001A8B96 /* NSString+NepaliNumber.m */ = {isa = PBXFileReference; fileEncoding = 4; lastKnownFileType = sourcecode.c.objc; path = "NSString+NepaliNumber.m"; sourceTree = "<group>"; };
		DDB22C5E1B46BFD9001A8B96 /* TestConverter.m */ = {isa = PBXFileReference; fileEncoding = 4; lastKnownFileType = sourcecode.c.objc; path = TestConverter.m; sourceTree = "<group>"; };
		DDB22C601B46C41C001A8B96 /* FakeTextContainer.h */ = {isa = PBXFileReference; fileEncoding = 4; lastKnownFileType = sourcecode.c.h; path = FakeTextContainer.h; sourceTree = "<group>"; };
		DDB22C611B46C41C001A8B96 /* FakeTextContainer.m */ = {isa = PBXFileReference; fileEncoding = 4; lastKnownFileType = sourcecode.c.objc; path = FakeTextContainer.m; sourceTree = "<group>"; };
		DDB22C641B46C5F0001A8B96 /* TextConverterVC.h */ = {isa = PBXFileReference; fileEncoding = 4; lastKnownFileType = sourcecode.c.h; path = TextConverterVC.h; sourceTree = "<group>"; };
		DDB22C651B46C5F0001A8B96 /* TextConverterVC.m */ = {isa = PBXFileReference; fileEncoding = 4; lastKnownFileType = sourcecode.c.objc; path = TextConverterVC.m; sourceTree = "<group>"; };
		DDB22C671B46C763001A8B96 /* FakeTextContainer.h */ = {isa = PBXFileReference; fileEncoding = 4; lastKnownFileType = sourcecode.c.h; path = FakeTextContainer.h; sourceTree = "<group>"; };
		DDB22C681B46C763001A8B96 /* FakeTextContainer.m */ = {isa = PBXFileReference; fileEncoding = 4; lastKnownFileType = sourcecode.c.objc; path = FakeTextContainer.m; sourceTree = "<group>"; };
		DDB22C691B46C763001A8B96 /* TestNumberConverter.m */ = {isa = PBXFileReference; fileEncoding = 4; lastKnownFileType = sourcecode.c.objc; path = TestNumberConverter.m; sourceTree = "<group>"; };
		DDB22C6C1B46E4D4001A8B96 /* NSNumber+NepaliMonth.h */ = {isa = PBXFileReference; fileEncoding = 4; lastKnownFileType = sourcecode.c.h; path = "NSNumber+NepaliMonth.h"; sourceTree = "<group>"; };
		DDB22C6D1B46E4D4001A8B96 /* NSNumber+NepaliMonth.m */ = {isa = PBXFileReference; fileEncoding = 4; lastKnownFileType = sourcecode.c.objc; path = "NSNumber+NepaliMonth.m"; sourceTree = "<group>"; };
		DDB22C6F1B46E648001A8B96 /* NSNumber+NepaliDay.h */ = {isa = PBXFileReference; fileEncoding = 4; lastKnownFileType = sourcecode.c.h; path = "NSNumber+NepaliDay.h"; sourceTree = "<group>"; };
		DDB22C701B46E648001A8B96 /* NSNumber+NepaliDay.m */ = {isa = PBXFileReference; fileEncoding = 4; lastKnownFileType = sourcecode.c.objc; path = "NSNumber+NepaliDay.m"; sourceTree = "<group>"; };
		DDB22C721B46F1A2001A8B96 /* TestMonthNameConverter.m */ = {isa = PBXFileReference; fileEncoding = 4; lastKnownFileType = sourcecode.c.objc; path = TestMonthNameConverter.m; sourceTree = "<group>"; };
		DDB22C741B46FC36001A8B96 /* TestDayNameConverter.m */ = {isa = PBXFileReference; fileEncoding = 4; lastKnownFileType = sourcecode.c.objc; path = TestDayNameConverter.m; sourceTree = "<group>"; };
		DDB22C761B4717CB001A8B96 /* NepaliMonthsData.h */ = {isa = PBXFileReference; fileEncoding = 4; lastKnownFileType = sourcecode.c.h; path = NepaliMonthsData.h; sourceTree = "<group>"; };
		DDB22C771B4717CB001A8B96 /* NepaliMonthsData.m */ = {isa = PBXFileReference; fileEncoding = 4; lastKnownFileType = sourcecode.c.objc; path = NepaliMonthsData.m; sourceTree = "<group>"; };
		DDB22C781B4717CB001A8B96 /* SGNepaliDateConverter.h */ = {isa = PBXFileReference; fileEncoding = 4; lastKnownFileType = sourcecode.c.h; path = SGNepaliDateConverter.h; sourceTree = "<group>"; };
		DDB22C791B4717CB001A8B96 /* SGNepaliDateConverter.m */ = {isa = PBXFileReference; fileEncoding = 4; lastKnownFileType = sourcecode.c.objc; path = SGNepaliDateConverter.m; sourceTree = "<group>"; };
		DDB22C7C1B4718F4001A8B96 /* DateConverterVC.h */ = {isa = PBXFileReference; fileEncoding = 4; lastKnownFileType = sourcecode.c.h; path = DateConverterVC.h; sourceTree = "<group>"; };
		DDB22C7D1B4718F4001A8B96 /* DateConverterVC.m */ = {isa = PBXFileReference; fileEncoding = 4; lastKnownFileType = sourcecode.c.objc; path = DateConverterVC.m; sourceTree = "<group>"; };
/* End PBXFileReference section */

/* Begin PBXFrameworksBuildPhase section */
		DDB22C1D1B46B2EE001A8B96 /* Frameworks */ = {
			isa = PBXFrameworksBuildPhase;
			buildActionMask = 2147483647;
			files = (
			);
			runOnlyForDeploymentPostprocessing = 0;
		};
		DDB22C361B46B2EE001A8B96 /* Frameworks */ = {
			isa = PBXFrameworksBuildPhase;
			buildActionMask = 2147483647;
			files = (
			);
			runOnlyForDeploymentPostprocessing = 0;
		};
/* End PBXFrameworksBuildPhase section */

/* Begin PBXGroup section */
		CD7E22151B472924008799DC /* DateConverterTesterVC */ = {
			isa = PBXGroup;
			children = (
				CD7E22191B472D24008799DC /* DateConverterTesterVC.h */,
				CD7E221A1B472D24008799DC /* DateConverterTesterVC.m */,
			);
			name = DateConverterTesterVC;
			sourceTree = "<group>";
		};
		DDB22C171B46B2EE001A8B96 = {
			isa = PBXGroup;
			children = (
				DDB22C221B46B2EE001A8B96 /* NepaliCalendar */,
				DDB22C3C1B46B2EE001A8B96 /* NepaliCalendarTests */,
				DDB22C211B46B2EE001A8B96 /* Products */,
			);
			sourceTree = "<group>";
		};
		DDB22C211B46B2EE001A8B96 /* Products */ = {
			isa = PBXGroup;
			children = (
				DDB22C201B46B2EE001A8B96 /* NepaliCalendar.app */,
				DDB22C391B46B2EE001A8B96 /* NepaliCalendarTests.xctest */,
			);
			name = Products;
			sourceTree = "<group>";
		};
		DDB22C221B46B2EE001A8B96 /* NepaliCalendar */ = {
			isa = PBXGroup;
			children = (
				CD7E22151B472924008799DC /* DateConverterTesterVC */,
				DDB22C631B46C5CD001A8B96 /* Controller */,
				DDB22C5A1B46B9F2001A8B96 /* Category */,
				DDB22C591B46B9DF001A8B96 /* Model */,
				DDB22C581B46B9D1001A8B96 /* View */,
				DDB22C4F1B46B41D001A8B96 /* Assets */,
				DDB22C491B46B3F2001A8B96 /* SupportingFiles */,
			);
			path = NepaliCalendar;
			sourceTree = "<group>";
		};
		DDB22C3C1B46B2EE001A8B96 /* NepaliCalendarTests */ = {
			isa = PBXGroup;
			children = (
				DDB22C601B46C41C001A8B96 /* FakeTextContainer.h */,
				DDB22C611B46C41C001A8B96 /* FakeTextContainer.m */,
				DDB22C5E1B46BFD9001A8B96 /* TestConverter.m */,
				DDB22C691B46C763001A8B96 /* TestNumberConverter.m */,
				DDB22C721B46F1A2001A8B96 /* TestMonthNameConverter.m */,
				DDB22C741B46FC36001A8B96 /* TestDayNameConverter.m */,
				DDB22C671B46C763001A8B96 /* FakeTextContainer.h */,
				DDB22C681B46C763001A8B96 /* FakeTextContainer.m */,
				DDB22C3F1B46B2EE001A8B96 /* NepaliCalendarTests.m */,
				DDB22C3D1B46B2EE001A8B96 /* Supporting Files */,
			);
			path = NepaliCalendarTests;
			sourceTree = "<group>";
		};
		DDB22C3D1B46B2EE001A8B96 /* Supporting Files */ = {
			isa = PBXGroup;
			children = (
				DDB22C3E1B46B2EE001A8B96 /* Info.plist */,
			);
			name = "Supporting Files";
			sourceTree = "<group>";
		};
		DDB22C491B46B3F2001A8B96 /* SupportingFiles */ = {
			isa = PBXGroup;
			children = (
				DDB22C4A1B46B3F2001A8B96 /* AppDelegate.h */,
				DDB22C4B1B46B3F2001A8B96 /* AppDelegate.m */,
				DDB22C4C1B46B3F2001A8B96 /* main.m */,
			);
			path = SupportingFiles;
			sourceTree = "<group>";
		};
		DDB22C4F1B46B41D001A8B96 /* Assets */ = {
			isa = PBXGroup;
			children = (
				DDB22C501B46B41D001A8B96 /* LaunchScreen.xib */,
				DDB22C521B46B41D001A8B96 /* Main.storyboard */,
				DDB22C541B46B41D001A8B96 /* Images.xcassets */,
			);
			path = Assets;
			sourceTree = "<group>";
		};
		DDB22C581B46B9D1001A8B96 /* View */ = {
			isa = PBXGroup;
			children = (
			);
			path = View;
			sourceTree = "<group>";
		};
		DDB22C591B46B9DF001A8B96 /* Model */ = {
			isa = PBXGroup;
			children = (
				DDB22C761B4717CB001A8B96 /* NepaliMonthsData.h */,
				DDB22C771B4717CB001A8B96 /* NepaliMonthsData.m */,
				DDB22C781B4717CB001A8B96 /* SGNepaliDateConverter.h */,
				DDB22C791B4717CB001A8B96 /* SGNepaliDateConverter.m */,
			);
			path = Model;
			sourceTree = "<group>";
		};
		DDB22C5A1B46B9F2001A8B96 /* Category */ = {
			isa = PBXGroup;
			children = (
				DDB22C5B1B46BA05001A8B96 /* NSString+NepaliNumber.h */,
				DDB22C5C1B46BA05001A8B96 /* NSString+NepaliNumber.m */,
				DDB22C6C1B46E4D4001A8B96 /* NSNumber+NepaliMonth.h */,
				DDB22C6D1B46E4D4001A8B96 /* NSNumber+NepaliMonth.m */,
				DDB22C6F1B46E648001A8B96 /* NSNumber+NepaliDay.h */,
				DDB22C701B46E648001A8B96 /* NSNumber+NepaliDay.m */,
			);
			path = Category;
			sourceTree = "<group>";
		};
		DDB22C631B46C5CD001A8B96 /* Controller */ = {
			isa = PBXGroup;
			children = (
				DDB22C641B46C5F0001A8B96 /* TextConverterVC.h */,
				DDB22C651B46C5F0001A8B96 /* TextConverterVC.m */,
				DDB22C7C1B4718F4001A8B96 /* DateConverterVC.h */,
				DDB22C7D1B4718F4001A8B96 /* DateConverterVC.m */,
			);
			path = Controller;
			sourceTree = "<group>";
		};
/* End PBXGroup section */

/* Begin PBXNativeTarget section */
		DDB22C1F1B46B2EE001A8B96 /* NepaliCalendar */ = {
			isa = PBXNativeTarget;
			buildConfigurationList = DDB22C431B46B2EE001A8B96 /* Build configuration list for PBXNativeTarget "NepaliCalendar" */;
			buildPhases = (
				DDB22C1C1B46B2EE001A8B96 /* Sources */,
				DDB22C1D1B46B2EE001A8B96 /* Frameworks */,
				DDB22C1E1B46B2EE001A8B96 /* Resources */,
			);
			buildRules = (
			);
			dependencies = (
			);
			name = NepaliCalendar;
			productName = NepaliCalendar;
			productReference = DDB22C201B46B2EE001A8B96 /* NepaliCalendar.app */;
			productType = "com.apple.product-type.application";
		};
		DDB22C381B46B2EE001A8B96 /* NepaliCalendarTests */ = {
			isa = PBXNativeTarget;
			buildConfigurationList = DDB22C461B46B2EE001A8B96 /* Build configuration list for PBXNativeTarget "NepaliCalendarTests" */;
			buildPhases = (
				DDB22C351B46B2EE001A8B96 /* Sources */,
				DDB22C361B46B2EE001A8B96 /* Frameworks */,
				DDB22C371B46B2EE001A8B96 /* Resources */,
			);
			buildRules = (
			);
			dependencies = (
				DDB22C3B1B46B2EE001A8B96 /* PBXTargetDependency */,
			);
			name = NepaliCalendarTests;
			productName = NepaliCalendarTests;
			productReference = DDB22C391B46B2EE001A8B96 /* NepaliCalendarTests.xctest */;
			productType = "com.apple.product-type.bundle.unit-test";
		};
/* End PBXNativeTarget section */

/* Begin PBXProject section */
		DDB22C181B46B2EE001A8B96 /* Project object */ = {
			isa = PBXProject;
			attributes = {
				LastUpgradeCheck = 0640;
				ORGANIZATIONNAME = Leapfrog;
				TargetAttributes = {
					DDB22C1F1B46B2EE001A8B96 = {
						CreatedOnToolsVersion = 6.4;
					};
					DDB22C381B46B2EE001A8B96 = {
						CreatedOnToolsVersion = 6.4;
						TestTargetID = DDB22C1F1B46B2EE001A8B96;
					};
				};
			};
			buildConfigurationList = DDB22C1B1B46B2EE001A8B96 /* Build configuration list for PBXProject "NepaliCalendar" */;
			compatibilityVersion = "Xcode 3.2";
			developmentRegion = English;
			hasScannedForEncodings = 0;
			knownRegions = (
				en,
				Base,
			);
			mainGroup = DDB22C171B46B2EE001A8B96;
			productRefGroup = DDB22C211B46B2EE001A8B96 /* Products */;
			projectDirPath = "";
			projectRoot = "";
			targets = (
				DDB22C1F1B46B2EE001A8B96 /* NepaliCalendar */,
				DDB22C381B46B2EE001A8B96 /* NepaliCalendarTests */,
			);
		};
/* End PBXProject section */

/* Begin PBXResourcesBuildPhase section */
		DDB22C1E1B46B2EE001A8B96 /* Resources */ = {
			isa = PBXResourcesBuildPhase;
			buildActionMask = 2147483647;
			files = (
				DDB22C571B46B41D001A8B96 /* Images.xcassets in Resources */,
				DDB22C551B46B41D001A8B96 /* LaunchScreen.xib in Resources */,
				DDB22C561B46B41D001A8B96 /* Main.storyboard in Resources */,
			);
			runOnlyForDeploymentPostprocessing = 0;
		};
		DDB22C371B46B2EE001A8B96 /* Resources */ = {
			isa = PBXResourcesBuildPhase;
			buildActionMask = 2147483647;
			files = (
			);
			runOnlyForDeploymentPostprocessing = 0;
		};
/* End PBXResourcesBuildPhase section */

/* Begin PBXSourcesBuildPhase section */
		DDB22C1C1B46B2EE001A8B96 /* Sources */ = {
			isa = PBXSourcesBuildPhase;
			buildActionMask = 2147483647;
			files = (
				DDB22C4E1B46B3F2001A8B96 /* main.m in Sources */,
				DDB22C7A1B4717CB001A8B96 /* NepaliMonthsData.m in Sources */,
				DDB22C711B46E648001A8B96 /* NSNumber+NepaliDay.m in Sources */,
				DDB22C7B1B4717CB001A8B96 /* SGNepaliDateConverter.m in Sources */,
				DDB22C4D1B46B3F2001A8B96 /* AppDelegate.m in Sources */,
				DDB22C6E1B46E4D4001A8B96 /* NSNumber+NepaliMonth.m in Sources */,
				DDB22C661B46C5F0001A8B96 /* TextConverterVC.m in Sources */,
				CD7E221B1B472D24008799DC /* DateConverterTesterVC.m in Sources */,
				DDB22C5D1B46BA05001A8B96 /* NSString+NepaliNumber.m in Sources */,
				DDB22C7E1B4718F4001A8B96 /* DateConverterVC.m in Sources */,
			);
			runOnlyForDeploymentPostprocessing = 0;
		};
		DDB22C351B46B2EE001A8B96 /* Sources */ = {
			isa = PBXSourcesBuildPhase;
			buildActionMask = 2147483647;
			files = (
				DDB22C5F1B46BFD9001A8B96 /* TestConverter.m in Sources */,
				DDB22C401B46B2EE001A8B96 /* NepaliCalendarTests.m in Sources */,
				DDB22C6B1B46C763001A8B96 /* TestNumberConverter.m in Sources */,
				DDB22C731B46F1A2001A8B96 /* TestMonthNameConverter.m in Sources */,
				DDB22C751B46FC36001A8B96 /* TestDayNameConverter.m in Sources */,
				DDB22C6A1B46C763001A8B96 /* FakeTextContainer.m in Sources */,
			);
			runOnlyForDeploymentPostprocessing = 0;
		};
/* End PBXSourcesBuildPhase section */

/* Begin PBXTargetDependency section */
		DDB22C3B1B46B2EE001A8B96 /* PBXTargetDependency */ = {
			isa = PBXTargetDependency;
			target = DDB22C1F1B46B2EE001A8B96 /* NepaliCalendar */;
			targetProxy = DDB22C3A1B46B2EE001A8B96 /* PBXContainerItemProxy */;
		};
/* End PBXTargetDependency section */

/* Begin PBXVariantGroup section */
		DDB22C501B46B41D001A8B96 /* LaunchScreen.xib */ = {
			isa = PBXVariantGroup;
			children = (
				DDB22C511B46B41D001A8B96 /* Base */,
			);
			name = LaunchScreen.xib;
			sourceTree = "<group>";
		};
		DDB22C521B46B41D001A8B96 /* Main.storyboard */ = {
			isa = PBXVariantGroup;
			children = (
				DDB22C531B46B41D001A8B96 /* Base */,
			);
			name = Main.storyboard;
			sourceTree = "<group>";
		};
/* End PBXVariantGroup section */

/* Begin XCBuildConfiguration section */
		DDB22C411B46B2EE001A8B96 /* Debug */ = {
			isa = XCBuildConfiguration;
			buildSettings = {
				ALWAYS_SEARCH_USER_PATHS = NO;
				CLANG_CXX_LANGUAGE_STANDARD = "gnu++0x";
				CLANG_CXX_LIBRARY = "libc++";
				CLANG_ENABLE_MODULES = YES;
				CLANG_ENABLE_OBJC_ARC = YES;
				CLANG_WARN_BOOL_CONVERSION = YES;
				CLANG_WARN_CONSTANT_CONVERSION = YES;
				CLANG_WARN_DIRECT_OBJC_ISA_USAGE = YES_ERROR;
				CLANG_WARN_EMPTY_BODY = YES;
				CLANG_WARN_ENUM_CONVERSION = YES;
				CLANG_WARN_INT_CONVERSION = YES;
				CLANG_WARN_OBJC_ROOT_CLASS = YES_ERROR;
				CLANG_WARN_UNREACHABLE_CODE = YES;
				CLANG_WARN__DUPLICATE_METHOD_MATCH = YES;
				"CODE_SIGN_IDENTITY[sdk=iphoneos*]" = "iPhone Developer";
				COPY_PHASE_STRIP = NO;
				DEBUG_INFORMATION_FORMAT = "dwarf-with-dsym";
				ENABLE_STRICT_OBJC_MSGSEND = YES;
				GCC_C_LANGUAGE_STANDARD = gnu99;
				GCC_DYNAMIC_NO_PIC = NO;
				GCC_NO_COMMON_BLOCKS = YES;
				GCC_OPTIMIZATION_LEVEL = 0;
				GCC_PREPROCESSOR_DEFINITIONS = (
					"DEBUG=1",
					"$(inherited)",
				);
				GCC_SYMBOLS_PRIVATE_EXTERN = NO;
				GCC_WARN_64_TO_32_BIT_CONVERSION = YES;
				GCC_WARN_ABOUT_RETURN_TYPE = YES_ERROR;
				GCC_WARN_UNDECLARED_SELECTOR = YES;
				GCC_WARN_UNINITIALIZED_AUTOS = YES_AGGRESSIVE;
				GCC_WARN_UNUSED_FUNCTION = YES;
				GCC_WARN_UNUSED_VARIABLE = YES;
				IPHONEOS_DEPLOYMENT_TARGET = 8.4;
				MTL_ENABLE_DEBUG_INFO = YES;
				ONLY_ACTIVE_ARCH = YES;
				SDKROOT = iphoneos;
				TARGETED_DEVICE_FAMILY = "1,2";
			};
			name = Debug;
		};
		DDB22C421B46B2EE001A8B96 /* Release */ = {
			isa = XCBuildConfiguration;
			buildSettings = {
				ALWAYS_SEARCH_USER_PATHS = NO;
				CLANG_CXX_LANGUAGE_STANDARD = "gnu++0x";
				CLANG_CXX_LIBRARY = "libc++";
				CLANG_ENABLE_MODULES = YES;
				CLANG_ENABLE_OBJC_ARC = YES;
				CLANG_WARN_BOOL_CONVERSION = YES;
				CLANG_WARN_CONSTANT_CONVERSION = YES;
				CLANG_WARN_DIRECT_OBJC_ISA_USAGE = YES_ERROR;
				CLANG_WARN_EMPTY_BODY = YES;
				CLANG_WARN_ENUM_CONVERSION = YES;
				CLANG_WARN_INT_CONVERSION = YES;
				CLANG_WARN_OBJC_ROOT_CLASS = YES_ERROR;
				CLANG_WARN_UNREACHABLE_CODE = YES;
				CLANG_WARN__DUPLICATE_METHOD_MATCH = YES;
				"CODE_SIGN_IDENTITY[sdk=iphoneos*]" = "iPhone Developer";
				COPY_PHASE_STRIP = NO;
				DEBUG_INFORMATION_FORMAT = "dwarf-with-dsym";
				ENABLE_NS_ASSERTIONS = NO;
				ENABLE_STRICT_OBJC_MSGSEND = YES;
				GCC_C_LANGUAGE_STANDARD = gnu99;
				GCC_NO_COMMON_BLOCKS = YES;
				GCC_WARN_64_TO_32_BIT_CONVERSION = YES;
				GCC_WARN_ABOUT_RETURN_TYPE = YES_ERROR;
				GCC_WARN_UNDECLARED_SELECTOR = YES;
				GCC_WARN_UNINITIALIZED_AUTOS = YES_AGGRESSIVE;
				GCC_WARN_UNUSED_FUNCTION = YES;
				GCC_WARN_UNUSED_VARIABLE = YES;
				IPHONEOS_DEPLOYMENT_TARGET = 8.4;
				MTL_ENABLE_DEBUG_INFO = NO;
				SDKROOT = iphoneos;
				TARGETED_DEVICE_FAMILY = "1,2";
				VALIDATE_PRODUCT = YES;
			};
			name = Release;
		};
		DDB22C441B46B2EE001A8B96 /* Debug */ = {
			isa = XCBuildConfiguration;
			buildSettings = {
				ASSETCATALOG_COMPILER_APPICON_NAME = AppIcon;
				ASSETCATALOG_COMPILER_LAUNCHIMAGE_NAME = LaunchImage;
				INFOPLIST_FILE = NepaliCalendar/Info.plist;
				IPHONEOS_DEPLOYMENT_TARGET = 7.0;
				LD_RUNPATH_SEARCH_PATHS = "$(inherited) @executable_path/Frameworks";
				PRODUCT_NAME = "$(TARGET_NAME)";
				TARGETED_DEVICE_FAMILY = "1,2";
			};
			name = Debug;
		};
		DDB22C451B46B2EE001A8B96 /* Release */ = {
			isa = XCBuildConfiguration;
			buildSettings = {
				ASSETCATALOG_COMPILER_APPICON_NAME = AppIcon;
				ASSETCATALOG_COMPILER_LAUNCHIMAGE_NAME = LaunchImage;
				INFOPLIST_FILE = NepaliCalendar/Info.plist;
				IPHONEOS_DEPLOYMENT_TARGET = 7.0;
				LD_RUNPATH_SEARCH_PATHS = "$(inherited) @executable_path/Frameworks";
				PRODUCT_NAME = "$(TARGET_NAME)";
				TARGETED_DEVICE_FAMILY = "1,2";
			};
			name = Release;
		};
		DDB22C471B46B2EE001A8B96 /* Debug */ = {
			isa = XCBuildConfiguration;
			buildSettings = {
				BUNDLE_LOADER = "$(TEST_HOST)";
				FRAMEWORK_SEARCH_PATHS = (
					"$(SDKROOT)/Developer/Library/Frameworks",
					"$(inherited)",
				);
				GCC_PREPROCESSOR_DEFINITIONS = (
					"DEBUG=1",
					"$(inherited)",
				);
				INFOPLIST_FILE = NepaliCalendarTests/Info.plist;
				IPHONEOS_DEPLOYMENT_TARGET = 8.0;
				LD_RUNPATH_SEARCH_PATHS = "$(inherited) @executable_path/Frameworks @loader_path/Frameworks";
				PRODUCT_NAME = "$(TARGET_NAME)";
				TEST_HOST = "$(BUILT_PRODUCTS_DIR)/NepaliCalendar.app/NepaliCalendar";
			};
			name = Debug;
		};
		DDB22C481B46B2EE001A8B96 /* Release */ = {
			isa = XCBuildConfiguration;
			buildSettings = {
				BUNDLE_LOADER = "$(TEST_HOST)";
				FRAMEWORK_SEARCH_PATHS = (
					"$(SDKROOT)/Developer/Library/Frameworks",
					"$(inherited)",
				);
				INFOPLIST_FILE = NepaliCalendarTests/Info.plist;
				IPHONEOS_DEPLOYMENT_TARGET = 8.0;
				LD_RUNPATH_SEARCH_PATHS = "$(inherited) @executable_path/Frameworks @loader_path/Frameworks";
				PRODUCT_NAME = "$(TARGET_NAME)";
				TEST_HOST = "$(BUILT_PRODUCTS_DIR)/NepaliCalendar.app/NepaliCalendar";
			};
			name = Release;
		};
/* End XCBuildConfiguration section */

/* Begin XCConfigurationList section */
		DDB22C1B1B46B2EE001A8B96 /* Build configuration list for PBXProject "NepaliCalendar" */ = {
			isa = XCConfigurationList;
			buildConfigurations = (
				DDB22C411B46B2EE001A8B96 /* Debug */,
				DDB22C421B46B2EE001A8B96 /* Release */,
			);
			defaultConfigurationIsVisible = 0;
			defaultConfigurationName = Release;
		};
		DDB22C431B46B2EE001A8B96 /* Build configuration list for PBXNativeTarget "NepaliCalendar" */ = {
			isa = XCConfigurationList;
			buildConfigurations = (
				DDB22C441B46B2EE001A8B96 /* Debug */,
				DDB22C451B46B2EE001A8B96 /* Release */,
			);
			defaultConfigurationIsVisible = 0;
			defaultConfigurationName = Release;
		};
		DDB22C461B46B2EE001A8B96 /* Build configuration list for PBXNativeTarget "NepaliCalendarTests" */ = {
			isa = XCConfigurationList;
			buildConfigurations = (
				DDB22C471B46B2EE001A8B96 /* Debug */,
				DDB22C481B46B2EE001A8B96 /* Release */,
			);
			defaultConfigurationIsVisible = 0;
			defaultConfigurationName = Release;
		};
/* End XCConfigurationList section */
	};
	rootObject = DDB22C181B46B2EE001A8B96 /* Project object */;
}
